dependencies:
- name: datahub-gms
  repository: file://./subcharts/datahub-gms
  version: 0.2.170
- name: datahub-frontend
  repository: file://./subcharts/datahub-frontend
  version: 0.2.158
- name: datahub-mae-consumer
  repository: file://./subcharts/datahub-mae-consumer
  version: 0.2.159
- name: datahub-mce-consumer
  repository: file://./subcharts/datahub-mce-consumer
  version: 0.2.162
- name: datahub-ingestion-cron
  repository: file://./subcharts/datahub-ingestion-cron
  version: 0.2.143
- name: acryl-datahub-actions
  repository: file://./subcharts/acryl-datahub-actions
  version: 0.2.146
digest: sha256:6cf985e183c5ebfaf616eb5bb39c75abadfc69ba03e996cdbb95e87aa39d8eae
generated: "2024-06-21T17:00:21.10829348Z"
